
Microsoft Visual Studio Solution File, Format Version 12.00
# Visual Studio Version 16
VisualStudioVersion = 16.0.29418.71
MinimumVisualStudioVersion = 10.0.40219.1
Project("{FAE04EC0-301F-11D3-BF4B-00C04F79EFBC}") = "CustomList", "CustomList\CustomList.csproj", "{F8E2934C-F2EC-4246-9B9A-FCBBA8E50B78}"
EndProject
Project("{FAE04EC0-301F-11D3-BF4B-00C04F79EFBC}") = "UnitTestProject1", "UnitTestProject1\UnitTestProject1.csproj", "{2B31B7B2-816D-436E-B5FE-2A0BD7852433}"
EndProject
Global
	GlobalSection(SolutionConfigurationPlatforms) = preSolution
		Debug|Any CPU = Debug|Any CPU
		Release|Any CPU = Release|Any CPU
	EndGlobalSection
	GlobalSection(ProjectConfigurationPlatforms) = postSolution
		{F8E2934C-F2EC-4246-9B9A-FCBBA8E50B78}.Debug|Any CPU.ActiveCfg = Debug|Any CPU
		{F8E2934C-F2EC-4246-9B9A-FCBBA8E50B78}.Debug|Any CPU.Build.0 = Debug|Any CPU
		{F8E2934C-F2EC-4246-9B9A-FCBBA8E50B78}.Release|Any CPU.ActiveCfg = Release|Any CPU
		{F8E2934C-F2EC-4246-9B9A-FCBBA8E50B78}.Release|Any CPU.Build.0 = Release|Any CPU
		{2B31B7B2-816D-436E-B5FE-2A0BD7852433}.Debug|Any CPU.ActiveCfg = Debug|Any CPU
		{2B31B7B2-816D-436E-B5FE-2A0BD7852433}.Debug|Any CPU.Build.0 = Debug|Any CPU
		{2B31B7B2-816D-436E-B5FE-2A0BD7852433}.Release|Any CPU.ActiveCfg = Release|Any CPU
		{2B31B7B2-816D-436E-B5FE-2A0BD7852433}.Release|Any CPU.Build.0 = Release|Any CPU
	EndGlobalSection
	GlobalSection(SolutionProperties) = preSolution
		HideSolutionNode = FALSE
	EndGlobalSection
	GlobalSection(ExtensibilityGlobals) = postSolution
		SolutionGuid = {383DDBF2-F42D-48FD-86CD-44FCE09400A5}
	EndGlobalSection
EndGlobal
